// !$*UTF8*$!
{
	archiveVersion = 1;
	classes = {
	};
	objectVersion = 46;
	objects = {

/* Begin PBXBuildFile section */
		10B19AFA1680BC4C0D744678 /* libPods-RogoAppTests.a in Frameworks */ = {isa = PBXBuildFile; fileRef = 9BC066E83903229C35247D21 /* libPods-RogoAppTests.a */; };
		5DFC07EA1C4CD5B300EC3FE6 /* main.m in Sources */ = {isa = PBXBuildFile; fileRef = 5DFC07E91C4CD5B300EC3FE6 /* main.m */; };
		5DFC07ED1C4CD5B300EC3FE6 /* AppDelegate.m in Sources */ = {isa = PBXBuildFile; fileRef = 5DFC07EC1C4CD5B300EC3FE6 /* AppDelegate.m */; };
		5DFC07F01C4CD5B300EC3FE6 /* ViewController.m in Sources */ = {isa = PBXBuildFile; fileRef = 5DFC07EF1C4CD5B300EC3FE6 /* ViewController.m */; };
		5DFC07F31C4CD5B300EC3FE6 /* Main.storyboard in Resources */ = {isa = PBXBuildFile; fileRef = 5DFC07F11C4CD5B300EC3FE6 /* Main.storyboard */; };
		5DFC07F51C4CD5B300EC3FE6 /* Assets.xcassets in Resources */ = {isa = PBXBuildFile; fileRef = 5DFC07F41C4CD5B300EC3FE6 /* Assets.xcassets */; };
		5DFC07F81C4CD5B300EC3FE6 /* LaunchScreen.storyboard in Resources */ = {isa = PBXBuildFile; fileRef = 5DFC07F61C4CD5B300EC3FE6 /* LaunchScreen.storyboard */; };
		5DFC08061C4CDF5B00EC3FE6 /* RogoAppTests.m in Sources */ = {isa = PBXBuildFile; fileRef = 5DFC08051C4CDF5B00EC3FE6 /* RogoAppTests.m */; };
		5DFC080F1C4CE23000EC3FE6 /* ElementFormatter.m in Sources */ = {isa = PBXBuildFile; fileRef = 5DFC080E1C4CE23000EC3FE6 /* ElementFormatter.m */; };
		5DFC08111C4CE26D00EC3FE6 /* ElementFormatterSpec.m in Sources */ = {isa = PBXBuildFile; fileRef = 5DFC08101C4CE26D00EC3FE6 /* ElementFormatterSpec.m */; };
/* End PBXBuildFile section */

/* Begin PBXContainerItemProxy section */
		5DFC08081C4CDF5B00EC3FE6 /* PBXContainerItemProxy */ = {
			isa = PBXContainerItemProxy;
			containerPortal = 5DFC07DD1C4CD5B300EC3FE6 /* Project object */;
			proxyType = 1;
			remoteGlobalIDString = 5DFC07E41C4CD5B300EC3FE6;
			remoteInfo = RogoAppTest;
		};
/* End PBXContainerItemProxy section */

/* Begin PBXFileReference section */
		4350B02C58B4352A004E763E /* Pods-RogoAppTests.debug.xcconfig */ = {isa = PBXFileReference; includeInIndex = 1; lastKnownFileType = text.xcconfig; name = "Pods-RogoAppTests.debug.xcconfig"; path = "Pods/Target Support Files/Pods-RogoAppTests/Pods-RogoAppTests.debug.xcconfig"; sourceTree = "<group>"; };
		5DFC07E51C4CD5B300EC3FE6 /* RogoAppTest.app */ = {isa = PBXFileReference; explicitFileType = wrapper.application; includeInIndex = 0; path = RogoAppTest.app; sourceTree = BUILT_PRODUCTS_DIR; };
		5DFC07E91C4CD5B300EC3FE6 /* main.m */ = {isa = PBXFileReference; lastKnownFileType = sourcecode.c.objc; path = main.m; sourceTree = "<group>"; };
		5DFC07EB1C4CD5B300EC3FE6 /* AppDelegate.h */ = {isa = PBXFileReference; lastKnownFileType = sourcecode.c.h; path = AppDelegate.h; sourceTree = "<group>"; };
		5DFC07EC1C4CD5B300EC3FE6 /* AppDelegate.m */ = {isa = PBXFileReference; lastKnownFileType = sourcecode.c.objc; path = AppDelegate.m; sourceTree = "<group>"; };
		5DFC07EE1C4CD5B300EC3FE6 /* ViewController.h */ = {isa = PBXFileReference; lastKnownFileType = sourcecode.c.h; path = ViewController.h; sourceTree = "<group>"; };
		5DFC07EF1C4CD5B300EC3FE6 /* ViewController.m */ = {isa = PBXFileReference; lastKnownFileType = sourcecode.c.objc; path = ViewController.m; sourceTree = "<group>"; };
		5DFC07F21C4CD5B300EC3FE6 /* Base */ = {isa = PBXFileReference; lastKnownFileType = file.storyboard; name = Base; path = Base.lproj/Main.storyboard; sourceTree = "<group>"; };
		5DFC07F41C4CD5B300EC3FE6 /* Assets.xcassets */ = {isa = PBXFileReference; lastKnownFileType = folder.assetcatalog; path = Assets.xcassets; sourceTree = "<group>"; };
		5DFC07F71C4CD5B300EC3FE6 /* Base */ = {isa = PBXFileReference; lastKnownFileType = file.storyboard; name = Base; path = Base.lproj/LaunchScreen.storyboard; sourceTree = "<group>"; };
		5DFC07F91C4CD5B300EC3FE6 /* Info.plist */ = {isa = PBXFileReference; lastKnownFileType = text.plist.xml; path = Info.plist; sourceTree = "<group>"; };
		5DFC08031C4CDF5B00EC3FE6 /* RogoAppTests.xctest */ = {isa = PBXFileReference; explicitFileType = wrapper.cfbundle; includeInIndex = 0; path = RogoAppTests.xctest; sourceTree = BUILT_PRODUCTS_DIR; };
		5DFC08051C4CDF5B00EC3FE6 /* RogoAppTests.m */ = {isa = PBXFileReference; lastKnownFileType = sourcecode.c.objc; path = RogoAppTests.m; sourceTree = "<group>"; };
		5DFC08071C4CDF5B00EC3FE6 /* Info.plist */ = {isa = PBXFileReference; lastKnownFileType = text.plist.xml; path = Info.plist; sourceTree = "<group>"; };
		5DFC080D1C4CE23000EC3FE6 /* ElementFormatter.h */ = {isa = PBXFileReference; fileEncoding = 4; lastKnownFileType = sourcecode.c.h; path = ElementFormatter.h; sourceTree = "<group>"; };
		5DFC080E1C4CE23000EC3FE6 /* ElementFormatter.m */ = {isa = PBXFileReference; fileEncoding = 4; lastKnownFileType = sourcecode.c.objc; path = ElementFormatter.m; sourceTree = "<group>"; };
		5DFC08101C4CE26D00EC3FE6 /* ElementFormatterSpec.m */ = {isa = PBXFileReference; fileEncoding = 4; lastKnownFileType = sourcecode.c.objc; path = ElementFormatterSpec.m; sourceTree = "<group>"; };
		9BC066E83903229C35247D21 /* libPods-RogoAppTests.a */ = {isa = PBXFileReference; explicitFileType = archive.ar; includeInIndex = 0; path = "libPods-RogoAppTests.a"; sourceTree = BUILT_PRODUCTS_DIR; };
		F73CBF30FB67DF3271FAC671 /* Pods-RogoAppTests.release.xcconfig */ = {isa = PBXFileReference; includeInIndex = 1; lastKnownFileType = text.xcconfig; name = "Pods-RogoAppTests.release.xcconfig"; path = "Pods/Target Support Files/Pods-RogoAppTests/Pods-RogoAppTests.release.xcconfig"; sourceTree = "<group>"; };
/* End PBXFileReference section */

/* Begin PBXFrameworksBuildPhase section */
		5DFC07E21C4CD5B300EC3FE6 /* Frameworks */ = {
			isa = PBXFrameworksBuildPhase;
			buildActionMask = 2147483647;
			files = (
			);
			runOnlyForDeploymentPostprocessing = 0;
		};
		5DFC08001C4CDF5B00EC3FE6 /* Frameworks */ = {
			isa = PBXFrameworksBuildPhase;
			buildActionMask = 2147483647;
			files = (
				10B19AFA1680BC4C0D744678 /* libPods-RogoAppTests.a in Frameworks */,
			);
			runOnlyForDeploymentPostprocessing = 0;
		};
/* End PBXFrameworksBuildPhase section */

/* Begin PBXGroup section */
		5DFC07DC1C4CD5B300EC3FE6 = {
			isa = PBXGroup;
			children = (
				5DFC07E71C4CD5B300EC3FE6 /* RogoAppTest */,
				5DFC08041C4CDF5B00EC3FE6 /* RogoAppTests */,
				5DFC07E61C4CD5B300EC3FE6 /* Products */,
				D8989C8734AFFCA4F6C45605 /* Pods */,
				F0FA2BABD3015434FF9FB1CA /* Frameworks */,
			);
			sourceTree = "<group>";
		};
		5DFC07E61C4CD5B300EC3FE6 /* Products */ = {
			isa = PBXGroup;
			children = (
				5DFC07E51C4CD5B300EC3FE6 /* RogoAppTest.app */,
				5DFC08031C4CDF5B00EC3FE6 /* RogoAppTests.xctest */,
			);
			name = Products;
			sourceTree = "<group>";
		};
		5DFC07E71C4CD5B300EC3FE6 /* RogoAppTest */ = {
			isa = PBXGroup;
			children = (
				5DFC07EB1C4CD5B300EC3FE6 /* AppDelegate.h */,
				5DFC07EC1C4CD5B300EC3FE6 /* AppDelegate.m */,
				5DFC07EE1C4CD5B300EC3FE6 /* ViewController.h */,
				5DFC07EF1C4CD5B300EC3FE6 /* ViewController.m */,
				5DFC080D1C4CE23000EC3FE6 /* ElementFormatter.h */,
				5DFC080E1C4CE23000EC3FE6 /* ElementFormatter.m */,
				5DFC07F11C4CD5B300EC3FE6 /* Main.storyboard */,
				5DFC07F41C4CD5B300EC3FE6 /* Assets.xcassets */,
				5DFC07F61C4CD5B300EC3FE6 /* LaunchScreen.storyboard */,
				5DFC07F91C4CD5B300EC3FE6 /* Info.plist */,
				5DFC07E81C4CD5B300EC3FE6 /* Supporting Files */,
			);
			path = RogoAppTest;
			sourceTree = "<group>";
		};
		5DFC07E81C4CD5B300EC3FE6 /* Supporting Files */ = {
			isa = PBXGroup;
			children = (
				5DFC07E91C4CD5B300EC3FE6 /* main.m */,
			);
			name = "Supporting Files";
			sourceTree = "<group>";
		};
		5DFC08041C4CDF5B00EC3FE6 /* RogoAppTests */ = {
			isa = PBXGroup;
			children = (
				5DFC08051C4CDF5B00EC3FE6 /* RogoAppTests.m */,
				5DFC08071C4CDF5B00EC3FE6 /* Info.plist */,
				5DFC08101C4CE26D00EC3FE6 /* ElementFormatterSpec.m */,
			);
			path = RogoAppTests;
			sourceTree = "<group>";
		};
		D8989C8734AFFCA4F6C45605 /* Pods */ = {
			isa = PBXGroup;
			children = (
				4350B02C58B4352A004E763E /* Pods-RogoAppTests.debug.xcconfig */,
				F73CBF30FB67DF3271FAC671 /* Pods-RogoAppTests.release.xcconfig */,
			);
			name = Pods;
			sourceTree = "<group>";
		};
		F0FA2BABD3015434FF9FB1CA /* Frameworks */ = {
			isa = PBXGroup;
			children = (
				9BC066E83903229C35247D21 /* libPods-RogoAppTests.a */,
			);
			name = Frameworks;
			sourceTree = "<group>";
		};
/* End PBXGroup section */

/* Begin PBXNativeTarget section */
		5DFC07E41C4CD5B300EC3FE6 /* RogoAppTest */ = {
			isa = PBXNativeTarget;
			buildConfigurationList = 5DFC07FC1C4CD5B300EC3FE6 /* Build configuration list for PBXNativeTarget "RogoAppTest" */;
			buildPhases = (
				5DFC07E11C4CD5B300EC3FE6 /* Sources */,
				5DFC07E21C4CD5B300EC3FE6 /* Frameworks */,
				5DFC07E31C4CD5B300EC3FE6 /* Resources */,
			);
			buildRules = (
			);
			dependencies = (
			);
			name = RogoAppTest;
			productName = RogoAppTest;
			productReference = 5DFC07E51C4CD5B300EC3FE6 /* RogoAppTest.app */;
			productType = "com.apple.product-type.application";
		};
		5DFC08021C4CDF5B00EC3FE6 /* RogoAppTests */ = {
			isa = PBXNativeTarget;
			buildConfigurationList = 5DFC080C1C4CDF5B00EC3FE6 /* Build configuration list for PBXNativeTarget "RogoAppTests" */;
			buildPhases = (
				DAABD61657976042D1A6C0BA /* Check Pods Manifest.lock */,
				5DFC07FF1C4CDF5B00EC3FE6 /* Sources */,
				5DFC08001C4CDF5B00EC3FE6 /* Frameworks */,
				5DFC08011C4CDF5B00EC3FE6 /* Resources */,
				849896061D7EA9A9E21C8545 /* Embed Pods Frameworks */,
				3DD426600D69EE0C98F9610B /* Copy Pods Resources */,
			);
			buildRules = (
			);
			dependencies = (
				5DFC08091C4CDF5B00EC3FE6 /* PBXTargetDependency */,
			);
			name = RogoAppTests;
			productName = RogoAppTests;
			productReference = 5DFC08031C4CDF5B00EC3FE6 /* RogoAppTests.xctest */;
			productType = "com.apple.product-type.bundle.unit-test";
		};
/* End PBXNativeTarget section */

/* Begin PBXProject section */
		5DFC07DD1C4CD5B300EC3FE6 /* Project object */ = {
			isa = PBXProject;
			attributes = {
				LastUpgradeCheck = 0720;
				ORGANIZATIONNAME = "Robot Team";
				TargetAttributes = {
					5DFC07E41C4CD5B300EC3FE6 = {
						CreatedOnToolsVersion = 7.2;
					};
					5DFC08021C4CDF5B00EC3FE6 = {
						CreatedOnToolsVersion = 7.2;
						TestTargetID = 5DFC07E41C4CD5B300EC3FE6;
					};
				};
			};
			buildConfigurationList = 5DFC07E01C4CD5B300EC3FE6 /* Build configuration list for PBXProject "RogoAppTest" */;
			compatibilityVersion = "Xcode 3.2";
			developmentRegion = English;
			hasScannedForEncodings = 0;
			knownRegions = (
				en,
				Base,
			);
			mainGroup = 5DFC07DC1C4CD5B300EC3FE6;
			productRefGroup = 5DFC07E61C4CD5B300EC3FE6 /* Products */;
			projectDirPath = "";
			projectRoot = "";
			targets = (
				5DFC07E41C4CD5B300EC3FE6 /* RogoAppTest */,
				5DFC08021C4CDF5B00EC3FE6 /* RogoAppTests */,
			);
		};
/* End PBXProject section */

/* Begin PBXResourcesBuildPhase section */
		5DFC07E31C4CD5B300EC3FE6 /* Resources */ = {
			isa = PBXResourcesBuildPhase;
			buildActionMask = 2147483647;
			files = (
				5DFC07F81C4CD5B300EC3FE6 /* LaunchScreen.storyboard in Resources */,
				5DFC07F51C4CD5B300EC3FE6 /* Assets.xcassets in Resources */,
				5DFC07F31C4CD5B300EC3FE6 /* Main.storyboard in Resources */,
			);
			runOnlyForDeploymentPostprocessing = 0;
		};
		5DFC08011C4CDF5B00EC3FE6 /* Resources */ = {
			isa = PBXResourcesBuildPhase;
			buildActionMask = 2147483647;
			files = (
			);
			runOnlyForDeploymentPostprocessing = 0;
		};
/* End PBXResourcesBuildPhase section */

/* Begin PBXShellScriptBuildPhase section */
		3DD426600D69EE0C98F9610B /* Copy Pods Resources */ = {
			isa = PBXShellScriptBuildPhase;
			buildActionMask = 2147483647;
			files = (
			);
			inputPaths = (
			);
			name = "Copy Pods Resources";
			outputPaths = (
			);
			runOnlyForDeploymentPostprocessing = 0;
			shellPath = /bin/sh;
			shellScript = "\"${SRCROOT}/Pods/Target Support Files/Pods-RogoAppTests/Pods-RogoAppTests-resources.sh\"\n";
			showEnvVarsInLog = 0;
		};
		849896061D7EA9A9E21C8545 /* Embed Pods Frameworks */ = {
			isa = PBXShellScriptBuildPhase;
			buildActionMask = 2147483647;
			files = (
			);
			inputPaths = (
			);
			name = "Embed Pods Frameworks";
			outputPaths = (
			);
			runOnlyForDeploymentPostprocessing = 0;
			shellPath = /bin/sh;
			shellScript = "\"${SRCROOT}/Pods/Target Support Files/Pods-RogoAppTests/Pods-RogoAppTests-frameworks.sh\"\n";
			showEnvVarsInLog = 0;
		};
		DAABD61657976042D1A6C0BA /* Check Pods Manifest.lock */ = {
			isa = PBXShellScriptBuildPhase;
			buildActionMask = 2147483647;
			files = (
			);
			inputPaths = (
			);
			name = "Check Pods Manifest.lock";
			outputPaths = (
			);
			runOnlyForDeploymentPostprocessing = 0;
			shellPath = /bin/sh;
			shellScript = "diff \"${PODS_ROOT}/../Podfile.lock\" \"${PODS_ROOT}/Manifest.lock\" > /dev/null\nif [[ $? != 0 ]] ; then\n    cat << EOM\nerror: The sandbox is not in sync with the Podfile.lock. Run 'pod install' or update your CocoaPods installation.\nEOM\n    exit 1\nfi\n";
			showEnvVarsInLog = 0;
		};
/* End PBXShellScriptBuildPhase section */

/* Begin PBXSourcesBuildPhase section */
		5DFC07E11C4CD5B300EC3FE6 /* Sources */ = {
			isa = PBXSourcesBuildPhase;
			buildActionMask = 2147483647;
			files = (
				5DFC07F01C4CD5B300EC3FE6 /* ViewController.m in Sources */,
				5DFC07ED1C4CD5B300EC3FE6 /* AppDelegate.m in Sources */,
				5DFC07EA1C4CD5B300EC3FE6 /* main.m in Sources */,
				5DFC080F1C4CE23000EC3FE6 /* ElementFormatter.m in Sources */,
			);
			runOnlyForDeploymentPostprocessing = 0;
		};
		5DFC07FF1C4CDF5B00EC3FE6 /* Sources */ = {
			isa = PBXSourcesBuildPhase;
			buildActionMask = 2147483647;
			files = (
				5DFC08111C4CE26D00EC3FE6 /* ElementFormatterSpec.m in Sources */,
				5DFC08061C4CDF5B00EC3FE6 /* RogoAppTests.m in Sources */,
			);
			runOnlyForDeploymentPostprocessing = 0;
		};
/* End PBXSourcesBuildPhase section */

/* Begin PBXTargetDependency section */
		5DFC08091C4CDF5B00EC3FE6 /* PBXTargetDependency */ = {
			isa = PBXTargetDependency;
			target = 5DFC07E41C4CD5B300EC3FE6 /* RogoAppTest */;
			targetProxy = 5DFC08081C4CDF5B00EC3FE6 /* PBXContainerItemProxy */;
		};
/* End PBXTargetDependency section */

/* Begin PBXVariantGroup section */
		5DFC07F11C4CD5B300EC3FE6 /* Main.storyboard */ = {
			isa = PBXVariantGroup;
			children = (
				5DFC07F21C4CD5B300EC3FE6 /* Base */,
			);
			name = Main.storyboard;
			sourceTree = "<group>";
		};
		5DFC07F61C4CD5B300EC3FE6 /* LaunchScreen.storyboard */ = {
			isa = PBXVariantGroup;
			children = (
				5DFC07F71C4CD5B300EC3FE6 /* Base */,
			);
			name = LaunchScreen.storyboard;
			sourceTree = "<group>";
		};
/* End PBXVariantGroup section */

/* Begin XCBuildConfiguration section */
		5DFC07FA1C4CD5B300EC3FE6 /* Debug */ = {
			isa = XCBuildConfiguration;
			buildSettings = {
				ALWAYS_SEARCH_USER_PATHS = NO;
				CLANG_CXX_LANGUAGE_STANDARD = "gnu++0x";
				CLANG_CXX_LIBRARY = "libc++";
				CLANG_ENABLE_MODULES = YES;
				CLANG_ENABLE_OBJC_ARC = YES;
				CLANG_WARN_BOOL_CONVERSION = YES;
				CLANG_WARN_CONSTANT_CONVERSION = YES;
				CLANG_WARN_DIRECT_OBJC_ISA_USAGE = YES_ERROR;
				CLANG_WARN_EMPTY_BODY = YES;
				CLANG_WARN_ENUM_CONVERSION = YES;
				CLANG_WARN_INT_CONVERSION = YES;
				CLANG_WARN_OBJC_ROOT_CLASS = YES_ERROR;
				CLANG_WARN_UNREACHABLE_CODE = YES;
				CLANG_WARN__DUPLICATE_METHOD_MATCH = YES;
				"CODE_SIGN_IDENTITY[sdk=iphoneos*]" = "iPhone Developer";
				COPY_PHASE_STRIP = NO;
				DEBUG_INFORMATION_FORMAT = dwarf;
				ENABLE_STRICT_OBJC_MSGSEND = YES;
				ENABLE_TESTABILITY = YES;
				GCC_C_LANGUAGE_STANDARD = gnu99;
				GCC_DYNAMIC_NO_PIC = NO;
				GCC_NO_COMMON_BLOCKS = YES;
				GCC_OPTIMIZATION_LEVEL = 0;
				GCC_PREPROCESSOR_DEFINITIONS = (
					"DEBUG=1",
					"$(inherited)",
				);
				GCC_WARN_64_TO_32_BIT_CONVERSION = YES;
				GCC_WARN_ABOUT_RETURN_TYPE = YES_ERROR;
				GCC_WARN_UNDECLARED_SELECTOR = YES;
				GCC_WARN_UNINITIALIZED_AUTOS = YES_AGGRESSIVE;
				GCC_WARN_UNUSED_FUNCTION = YES;
				GCC_WARN_UNUSED_VARIABLE = YES;
				IPHONEOS_DEPLOYMENT_TARGET = 9.2;
				MTL_ENABLE_DEBUG_INFO = YES;
				ONLY_ACTIVE_ARCH = YES;
				SDKROOT = iphoneos;
			};
			name = Debug;
		};
		5DFC07FB1C4CD5B300EC3FE6 /* Release */ = {
			isa = XCBuildConfiguration;
			buildSettings = {
				ALWAYS_SEARCH_USER_PATHS = NO;
				CLANG_CXX_LANGUAGE_STANDARD = "gnu++0x";
				CLANG_CXX_LIBRARY = "libc++";
				CLANG_ENABLE_MODULES = YES;
				CLANG_ENABLE_OBJC_ARC = YES;
				CLANG_WARN_BOOL_CONVERSION = YES;
				CLANG_WARN_CONSTANT_CONVERSION = YES;
				CLANG_WARN_DIRECT_OBJC_ISA_USAGE = YES_ERROR;
				CLANG_WARN_EMPTY_BODY = YES;
				CLANG_WARN_ENUM_CONVERSION = YES;
				CLANG_WARN_INT_CONVERSION = YES;
				CLANG_WARN_OBJC_ROOT_CLASS = YES_ERROR;
				CLANG_WARN_UNREACHABLE_CODE = YES;
				CLANG_WARN__DUPLICATE_METHOD_MATCH = YES;
				"CODE_SIGN_IDENTITY[sdk=iphoneos*]" = "iPhone Developer";
				COPY_PHASE_STRIP = NO;
				DEBUG_INFORMATION_FORMAT = "dwarf-with-dsym";
				ENABLE_NS_ASSERTIONS = NO;
				ENABLE_STRICT_OBJC_MSGSEND = YES;
				GCC_C_LANGUAGE_STANDARD = gnu99;
				GCC_NO_COMMON_BLOCKS = YES;
				GCC_WARN_64_TO_32_BIT_CONVERSION = YES;
				GCC_WARN_ABOUT_RETURN_TYPE = YES_ERROR;
				GCC_WARN_UNDECLARED_SELECTOR = YES;
				GCC_WARN_UNINITIALIZED_AUTOS = YES_AGGRESSIVE;
				GCC_WARN_UNUSED_FUNCTION = YES;
				GCC_WARN_UNUSED_VARIABLE = YES;
				IPHONEOS_DEPLOYMENT_TARGET = 9.2;
				MTL_ENABLE_DEBUG_INFO = NO;
				SDKROOT = iphoneos;
				VALIDATE_PRODUCT = YES;
			};
			name = Release;
		};
		5DFC07FD1C4CD5B300EC3FE6 /* Debug */ = {
			isa = XCBuildConfiguration;
			buildSettings = {
				ASSETCATALOG_COMPILER_APPICON_NAME = AppIcon;
				HEADER_SEARCH_PATHS = (
					/Users/trungnd/Working/iOS/Libs/pocketsphinx/pocketsphinx/bin/x86_64/include,
					/Users/trungnd/Working/iOS/Libs/pocketsphinx/sphinxbase/bin/x86_64/include,
				);
				INFOPLIST_FILE = RogoAppTest/Info.plist;
				LD_RUNPATH_SEARCH_PATHS = "$(inherited) @executable_path/Frameworks";
				LIBRARY_SEARCH_PATHS = (
					/Users/trungnd/Working/iOS/Libs/pocketsphinx/sphinxbase/bin/x86_64/lib,
					/Users/trungnd/Working/iOS/Libs/pocketsphinx/pocketsphinx/bin/x86_64/lib,
				);
				OTHER_LDFLAGS = "-lsphinxbase";
				PRODUCT_BUNDLE_IDENTIFIER = com.fpt.tut.RogoAppTest;
				PRODUCT_NAME = "$(TARGET_NAME)";
			};
			name = Debug;
		};
		5DFC07FE1C4CD5B300EC3FE6 /* Release */ = {
			isa = XCBuildConfiguration;
			buildSettings = {
				ASSETCATALOG_COMPILER_APPICON_NAME = AppIcon;
				HEADER_SEARCH_PATHS = (
					/Users/trungnd/Working/iOS/Libs/pocketsphinx/pocketsphinx/bin/x86_64/include,
					/Users/trungnd/Working/iOS/Libs/pocketsphinx/sphinxbase/bin/x86_64/include,
				);
				INFOPLIST_FILE = RogoAppTest/Info.plist;
				LD_RUNPATH_SEARCH_PATHS = "$(inherited) @executable_path/Frameworks";
				LIBRARY_SEARCH_PATHS = (
					/Users/trungnd/Working/iOS/Libs/pocketsphinx/sphinxbase/bin/x86_64/lib,
					/Users/trungnd/Working/iOS/Libs/pocketsphinx/pocketsphinx/bin/x86_64/lib,
				);
				OTHER_LDFLAGS = "-lsphinxbase";
				PRODUCT_BUNDLE_IDENTIFIER = com.fpt.tut.RogoAppTest;
				PRODUCT_NAME = "$(TARGET_NAME)";
			};
			name = Release;
		};
		5DFC080A1C4CDF5B00EC3FE6 /* Debug */ = {
			isa = XCBuildConfiguration;
			baseConfigurationReference = 4350B02C58B4352A004E763E /* Pods-RogoAppTests.debug.xcconfig */;
			buildSettings = {
				BUNDLE_LOADER = "$(TEST_HOST)";
				INFOPLIST_FILE = RogoAppTests/Info.plist;
				LD_RUNPATH_SEARCH_PATHS = "$(inherited) @executable_path/Frameworks @loader_path/Frameworks";
				PRODUCT_BUNDLE_IDENTIFIER = com.fpt.tut.RogoAppTests;
				PRODUCT_NAME = "$(TARGET_NAME)";
				TEST_HOST = "$(BUILT_PRODUCTS_DIR)/RogoAppTest.app/RogoAppTest";
			};
			name = Debug;
		};
		5DFC080B1C4CDF5B00EC3FE6 /* Release */ = {
			isa = XCBuildConfiguration;
			baseConfigurationReference = F73CBF30FB67DF3271FAC671 /* Pods-RogoAppTests.release.xcconfig */;
			buildSettings = {
				BUNDLE_LOADER = "$(TEST_HOST)";
				INFOPLIST_FILE = RogoAppTests/Info.plist;
				LD_RUNPATH_SEARCH_PATHS = "$(inherited) @executable_path/Frameworks @loader_path/Frameworks";
				PRODUCT_BUNDLE_IDENTIFIER = com.fpt.tut.RogoAppTests;
				PRODUCT_NAME = "$(TARGET_NAME)";
				TEST_HOST = "$(BUILT_PRODUCTS_DIR)/RogoAppTest.app/RogoAppTest";
			};
			name = Release;
		};
/* End XCBuildConfiguration section */

/* Begin XCConfigurationList section */
		5DFC07E01C4CD5B300EC3FE6 /* Build configuration list for PBXProject "RogoAppTest" */ = {
			isa = XCConfigurationList;
			buildConfigurations = (
				5DFC07FA1C4CD5B300EC3FE6 /* Debug */,
				5DFC07FB1C4CD5B300EC3FE6 /* Release */,
			);
			defaultConfigurationIsVisible = 0;
			defaultConfigurationName = Release;
		};
		5DFC07FC1C4CD5B300EC3FE6 /* Build configuration list for PBXNativeTarget "RogoAppTest" */ = {
			isa = XCConfigurationList;
			buildConfigurations = (
				5DFC07FD1C4CD5B300EC3FE6 /* Debug */,
				5DFC07FE1C4CD5B300EC3FE6 /* Release */,
			);
			defaultConfigurationIsVisible = 0;
			defaultConfigurationName = Release;
		};
		5DFC080C1C4CDF5B00EC3FE6 /* Build configuration list for PBXNativeTarget "RogoAppTests" */ = {
			isa = XCConfigurationList;
			buildConfigurations = (
				5DFC080A1C4CDF5B00EC3FE6 /* Debug */,
				5DFC080B1C4CDF5B00EC3FE6 /* Release */,
			);
			defaultConfigurationIsVisible = 0;
			defaultConfigurationName = Release;
		};
/* End XCConfigurationList section */
	};
	rootObject = 5DFC07DD1C4CD5B300EC3FE6 /* Project object */;
}
